
Microsoft Visual Studio Solution File, Format Version 12.00
# Visual Studio Version 16
VisualStudioVersion = 16.0.32802.440
MinimumVisualStudioVersion = 10.0.40219.1
Project("{FAE04EC0-301F-11D3-BF4B-00C04F79EFBC}") = "InvoiceIT", "InvoiceIT.csproj", "{B5ED999B-205E-409F-8FE8-69400E82ABD6}"
EndProject
Global
	GlobalSection(SolutionConfigurationPlatforms) = preSolution
		Debug|Any CPU = Debug|Any CPU
		Release|Any CPU = Release|Any CPU
	EndGlobalSection
	GlobalSection(ProjectConfigurationPlatforms) = postSolution
		{B5ED999B-205E-409F-8FE8-69400E82ABD6}.Debug|Any CPU.ActiveCfg = Debug|Any CPU
		{B5ED999B-205E-409F-8FE8-69400E82ABD6}.Debug|Any CPU.Build.0 = Debug|Any CPU
		{B5ED999B-205E-409F-8FE8-69400E82ABD6}.Release|Any CPU.ActiveCfg = Release|Any CPU
		{B5ED999B-205E-409F-8FE8-69400E82ABD6}.Release|Any CPU.Build.0 = Release|Any CPU
	EndGlobalSection
	GlobalSection(SolutionProperties) = preSolution
		HideSolutionNode = FALSE
	EndGlobalSection
	GlobalSection(ExtensibilityGlobals) = postSolution
		SolutionGuid = {57186D7A-EB01-4D89-9C7D-67450DF54231}
	EndGlobalSection
EndGlobal
